
Microsoft Visual Studio Solution File, Format Version 12.00
# Visual Studio Version 17
VisualStudioVersion = 17.0.31903.59
MinimumVisualStudioVersion = 10.0.40219.1
Project("{2150E333-8FDC-42A3-9474-1A3956D46DE8}") = "src", "src", "{827E0CD3-B72D-47B6-A68D-7590B98EB39B}"
EndProject
Project("{FAE04EC0-301F-11D3-BF4B-00C04F79EFBC}") = "TKH.Presentation", "src\TKH.Presentation\TKH.Presentation.csproj", "{B7345E2D-8B67-4A7B-9505-0714B02415AB}"
EndProject
Project("{FAE04EC0-301F-11D3-BF4B-00C04F79EFBC}") = "TKH.Business", "src\TKH.Business\TKH.Business.csproj", "{C98C1B55-45C8-4F13-91AC-6AA9D6E15678}"
EndProject
Project("{FAE04EC0-301F-11D3-BF4B-00C04F79EFBC}") = "TKH.DataAccess", "src\TKH.DataAccess\TKH.DataAccess.csproj", "{E5551564-09B8-4543-8348-3ADA30D946AE}"
EndProject
Project("{FAE04EC0-301F-11D3-BF4B-00C04F79EFBC}") = "TKH.Entities", "src\TKH.Entities\TKH.Entities.csproj", "{E86022EB-AFEA-4CB5-815C-C4D3DCFB2959}"
EndProject
Project("{FAE04EC0-301F-11D3-BF4B-00C04F79EFBC}") = "TKH.Core", "src\TKH.Core\TKH.Core.csproj", "{8D5BFC7F-AAEF-4D7A-8605-F4CCD8C9C770}"
EndProject
Project("{FAE04EC0-301F-11D3-BF4B-00C04F79EFBC}") = "TKH.Integrations.Trendyol", "src\TKH.Integrations.Trendyol\TKH.Integrations.Trendyol.csproj", "{8AD64AEB-368E-4CD7-ADA6-78F9B52AC1BA}"
EndProject
Global
	GlobalSection(SolutionConfigurationPlatforms) = preSolution
		Debug|Any CPU = Debug|Any CPU
		Debug|x64 = Debug|x64
		Debug|x86 = Debug|x86
		Release|Any CPU = Release|Any CPU
		Release|x64 = Release|x64
		Release|x86 = Release|x86
	EndGlobalSection
	GlobalSection(ProjectConfigurationPlatforms) = postSolution
		{B7345E2D-8B67-4A7B-9505-0714B02415AB}.Debug|Any CPU.ActiveCfg = Debug|Any CPU
		{B7345E2D-8B67-4A7B-9505-0714B02415AB}.Debug|Any CPU.Build.0 = Debug|Any CPU
		{B7345E2D-8B67-4A7B-9505-0714B02415AB}.Debug|x64.ActiveCfg = Debug|Any CPU
		{B7345E2D-8B67-4A7B-9505-0714B02415AB}.Debug|x64.Build.0 = Debug|Any CPU
		{B7345E2D-8B67-4A7B-9505-0714B02415AB}.Debug|x86.ActiveCfg = Debug|Any CPU
		{B7345E2D-8B67-4A7B-9505-0714B02415AB}.Debug|x86.Build.0 = Debug|Any CPU
		{B7345E2D-8B67-4A7B-9505-0714B02415AB}.Release|Any CPU.ActiveCfg = Release|Any CPU
		{B7345E2D-8B67-4A7B-9505-0714B02415AB}.Release|Any CPU.Build.0 = Release|Any CPU
		{B7345E2D-8B67-4A7B-9505-0714B02415AB}.Release|x64.ActiveCfg = Release|Any CPU
		{B7345E2D-8B67-4A7B-9505-0714B02415AB}.Release|x64.Build.0 = Release|Any CPU
		{B7345E2D-8B67-4A7B-9505-0714B02415AB}.Release|x86.ActiveCfg = Release|Any CPU
		{B7345E2D-8B67-4A7B-9505-0714B02415AB}.Release|x86.Build.0 = Release|Any CPU
		{C98C1B55-45C8-4F13-91AC-6AA9D6E15678}.Debug|Any CPU.ActiveCfg = Debug|Any CPU
		{C98C1B55-45C8-4F13-91AC-6AA9D6E15678}.Debug|Any CPU.Build.0 = Debug|Any CPU
		{C98C1B55-45C8-4F13-91AC-6AA9D6E15678}.Debug|x64.ActiveCfg = Debug|Any CPU
		{C98C1B55-45C8-4F13-91AC-6AA9D6E15678}.Debug|x64.Build.0 = Debug|Any CPU
		{C98C1B55-45C8-4F13-91AC-6AA9D6E15678}.Debug|x86.ActiveCfg = Debug|Any CPU
		{C98C1B55-45C8-4F13-91AC-6AA9D6E15678}.Debug|x86.Build.0 = Debug|Any CPU
		{C98C1B55-45C8-4F13-91AC-6AA9D6E15678}.Release|Any CPU.ActiveCfg = Release|Any CPU
		{C98C1B55-45C8-4F13-91AC-6AA9D6E15678}.Release|Any CPU.Build.0 = Release|Any CPU
		{C98C1B55-45C8-4F13-91AC-6AA9D6E15678}.Release|x64.ActiveCfg = Release|Any CPU
		{C98C1B55-45C8-4F13-91AC-6AA9D6E15678}.Release|x64.Build.0 = Release|Any CPU
		{C98C1B55-45C8-4F13-91AC-6AA9D6E15678}.Release|x86.ActiveCfg = Release|Any CPU
		{C98C1B55-45C8-4F13-91AC-6AA9D6E15678}.Release|x86.Build.0 = Release|Any CPU
		{E5551564-09B8-4543-8348-3ADA30D946AE}.Debug|Any CPU.ActiveCfg = Debug|Any CPU
		{E5551564-09B8-4543-8348-3ADA30D946AE}.Debug|Any CPU.Build.0 = Debug|Any CPU
		{E5551564-09B8-4543-8348-3ADA30D946AE}.Debug|x64.ActiveCfg = Debug|Any CPU
		{E5551564-09B8-4543-8348-3ADA30D946AE}.Debug|x64.Build.0 = Debug|Any CPU
		{E5551564-09B8-4543-8348-3ADA30D946AE}.Debug|x86.ActiveCfg = Debug|Any CPU
		{E5551564-09B8-4543-8348-3ADA30D946AE}.Debug|x86.Build.0 = Debug|Any CPU
		{E5551564-09B8-4543-8348-3ADA30D946AE}.Release|Any CPU.ActiveCfg = Release|Any CPU
		{E5551564-09B8-4543-8348-3ADA30D946AE}.Release|Any CPU.Build.0 = Release|Any CPU
		{E5551564-09B8-4543-8348-3ADA30D946AE}.Release|x64.ActiveCfg = Release|Any CPU
		{E5551564-09B8-4543-8348-3ADA30D946AE}.Release|x64.Build.0 = Release|Any CPU
		{E5551564-09B8-4543-8348-3ADA30D946AE}.Release|x86.ActiveCfg = Release|Any CPU
		{E5551564-09B8-4543-8348-3ADA30D946AE}.Release|x86.Build.0 = Release|Any CPU
		{E86022EB-AFEA-4CB5-815C-C4D3DCFB2959}.Debug|Any CPU.ActiveCfg = Debug|Any CPU
		{E86022EB-AFEA-4CB5-815C-C4D3DCFB2959}.Debug|Any CPU.Build.0 = Debug|Any CPU
		{E86022EB-AFEA-4CB5-815C-C4D3DCFB2959}.Debug|x64.ActiveCfg = Debug|Any CPU
		{E86022EB-AFEA-4CB5-815C-C4D3DCFB2959}.Debug|x64.Build.0 = Debug|Any CPU
		{E86022EB-AFEA-4CB5-815C-C4D3DCFB2959}.Debug|x86.ActiveCfg = Debug|Any CPU
		{E86022EB-AFEA-4CB5-815C-C4D3DCFB2959}.Debug|x86.Build.0 = Debug|Any CPU
		{E86022EB-AFEA-4CB5-815C-C4D3DCFB2959}.Release|Any CPU.ActiveCfg = Release|Any CPU
		{E86022EB-AFEA-4CB5-815C-C4D3DCFB2959}.Release|Any CPU.Build.0 = Release|Any CPU
		{E86022EB-AFEA-4CB5-815C-C4D3DCFB2959}.Release|x64.ActiveCfg = Release|Any CPU
		{E86022EB-AFEA-4CB5-815C-C4D3DCFB2959}.Release|x64.Build.0 = Release|Any CPU
		{E86022EB-AFEA-4CB5-815C-C4D3DCFB2959}.Release|x86.ActiveCfg = Release|Any CPU
		{E86022EB-AFEA-4CB5-815C-C4D3DCFB2959}.Release|x86.Build.0 = Release|Any CPU
		{8D5BFC7F-AAEF-4D7A-8605-F4CCD8C9C770}.Debug|Any CPU.ActiveCfg = Debug|Any CPU
		{8D5BFC7F-AAEF-4D7A-8605-F4CCD8C9C770}.Debug|Any CPU.Build.0 = Debug|Any CPU
		{8D5BFC7F-AAEF-4D7A-8605-F4CCD8C9C770}.Debug|x64.ActiveCfg = Debug|Any CPU
		{8D5BFC7F-AAEF-4D7A-8605-F4CCD8C9C770}.Debug|x64.Build.0 = Debug|Any CPU
		{8D5BFC7F-AAEF-4D7A-8605-F4CCD8C9C770}.Debug|x86.ActiveCfg = Debug|Any CPU
		{8D5BFC7F-AAEF-4D7A-8605-F4CCD8C9C770}.Debug|x86.Build.0 = Debug|Any CPU
		{8D5BFC7F-AAEF-4D7A-8605-F4CCD8C9C770}.Release|Any CPU.ActiveCfg = Release|Any CPU
		{8D5BFC7F-AAEF-4D7A-8605-F4CCD8C9C770}.Release|Any CPU.Build.0 = Release|Any CPU
		{8D5BFC7F-AAEF-4D7A-8605-F4CCD8C9C770}.Release|x64.ActiveCfg = Release|Any CPU
		{8D5BFC7F-AAEF-4D7A-8605-F4CCD8C9C770}.Release|x64.Build.0 = Release|Any CPU
		{8D5BFC7F-AAEF-4D7A-8605-F4CCD8C9C770}.Release|x86.ActiveCfg = Release|Any CPU
		{8D5BFC7F-AAEF-4D7A-8605-F4CCD8C9C770}.Release|x86.Build.0 = Release|Any CPU
		{8AD64AEB-368E-4CD7-ADA6-78F9B52AC1BA}.Debug|Any CPU.ActiveCfg = Debug|Any CPU
		{8AD64AEB-368E-4CD7-ADA6-78F9B52AC1BA}.Debug|Any CPU.Build.0 = Debug|Any CPU
		{8AD64AEB-368E-4CD7-ADA6-78F9B52AC1BA}.Debug|x64.ActiveCfg = Debug|Any CPU
		{8AD64AEB-368E-4CD7-ADA6-78F9B52AC1BA}.Debug|x64.Build.0 = Debug|Any CPU
		{8AD64AEB-368E-4CD7-ADA6-78F9B52AC1BA}.Debug|x86.ActiveCfg = Debug|Any CPU
		{8AD64AEB-368E-4CD7-ADA6-78F9B52AC1BA}.Debug|x86.Build.0 = Debug|Any CPU
		{8AD64AEB-368E-4CD7-ADA6-78F9B52AC1BA}.Release|Any CPU.ActiveCfg = Release|Any CPU
		{8AD64AEB-368E-4CD7-ADA6-78F9B52AC1BA}.Release|Any CPU.Build.0 = Release|Any CPU
		{8AD64AEB-368E-4CD7-ADA6-78F9B52AC1BA}.Release|x64.ActiveCfg = Release|Any CPU
		{8AD64AEB-368E-4CD7-ADA6-78F9B52AC1BA}.Release|x64.Build.0 = Release|Any CPU
		{8AD64AEB-368E-4CD7-ADA6-78F9B52AC1BA}.Release|x86.ActiveCfg = Release|Any CPU
		{8AD64AEB-368E-4CD7-ADA6-78F9B52AC1BA}.Release|x86.Build.0 = Release|Any CPU
	EndGlobalSection
	GlobalSection(SolutionProperties) = preSolution
		HideSolutionNode = FALSE
	EndGlobalSection
	GlobalSection(NestedProjects) = preSolution
		{B7345E2D-8B67-4A7B-9505-0714B02415AB} = {827E0CD3-B72D-47B6-A68D-7590B98EB39B}
		{C98C1B55-45C8-4F13-91AC-6AA9D6E15678} = {827E0CD3-B72D-47B6-A68D-7590B98EB39B}
		{E5551564-09B8-4543-8348-3ADA30D946AE} = {827E0CD3-B72D-47B6-A68D-7590B98EB39B}
		{E86022EB-AFEA-4CB5-815C-C4D3DCFB2959} = {827E0CD3-B72D-47B6-A68D-7590B98EB39B}
		{8D5BFC7F-AAEF-4D7A-8605-F4CCD8C9C770} = {827E0CD3-B72D-47B6-A68D-7590B98EB39B}
		{8AD64AEB-368E-4CD7-ADA6-78F9B52AC1BA} = {827E0CD3-B72D-47B6-A68D-7590B98EB39B}
	EndGlobalSection
EndGlobal
